
Microsoft Visual Studio Solution File, Format Version 12.00
# Visual Studio Version 17
VisualStudioVersion = 17.10.35013.160
MinimumVisualStudioVersion = 10.0.40219.1
Project("{FAE04EC0-301F-11D3-BF4B-00C04F79EFBC}") = "assignment 5 C# OOP", "assignment 5 C# OOP\assignment 5 C# OOP.csproj", "{D3E9352A-EE8A-440F-89E2-07634EC812EB}"
EndProject
Global
	GlobalSection(SolutionConfigurationPlatforms) = preSolution
		Debug|Any CPU = Debug|Any CPU
		Release|Any CPU = Release|Any CPU
	EndGlobalSection
	GlobalSection(ProjectConfigurationPlatforms) = postSolution
		{D3E9352A-EE8A-440F-89E2-07634EC812EB}.Debug|Any CPU.ActiveCfg = Debug|Any CPU
		{D3E9352A-EE8A-440F-89E2-07634EC812EB}.Debug|Any CPU.Build.0 = Debug|Any CPU
		{D3E9352A-EE8A-440F-89E2-07634EC812EB}.Release|Any CPU.ActiveCfg = Release|Any CPU
		{D3E9352A-EE8A-440F-89E2-07634EC812EB}.Release|Any CPU.Build.0 = Release|Any CPU
	EndGlobalSection
	GlobalSection(SolutionProperties) = preSolution
		HideSolutionNode = FALSE
	EndGlobalSection
	GlobalSection(ExtensibilityGlobals) = postSolution
		SolutionGuid = {4A79D8C4-C404-4A8B-93F8-5645FFFE213B}
	EndGlobalSection
EndGlobal
